<?xml version="1.0" encoding="utf-8"?>
<Project ToolsVersion="4.0" xmlns="http://schemas.microsoft.com/developer/msbuild/2003">
  <ItemGroup>
    <Filter Include="Header Files">
      <UniqueIdentifier>{4399591d-d1b6-481d-83c6-342a07af7244}</UniqueIdentifier>
    </Filter>
    <Filter Include="Src">
      <UniqueIdentifier>{4FC737F1-C7A5-4376-A066-2A32D752A2FF}</UniqueIdentifier>
      <Extensions>cpp;c;cc;cxx;c++;cppm;ixx;def;odl;idl;hpj;bat;asm;asmx</Extensions>
    </Filter>
  </ItemGroup>
  <ItemGroup>
    <ClCompile Include="InfoGen_Data\final.cc">
      <Filter>Src</Filter>
    </ClCompile>
    <ClCompile Include="InfoGen_Data\composite.cc">
      <Filter>Src</Filter>
    </ClCompile>
    <ClCompile Include="InfoGen_Data\gbuffer_basic.cc">
      <Filter>Src</Filter>
    </ClCompile>
    <ClCompile Include="InfoGen_Data\gbuffer_star.cc">
      <Filter>Src</Filter>
    </ClCompile>
    <ClCompile Include="InfoGen_Data\composite1.cc">
      <Filter>Src</Filter>
    </ClCompile>
    <ClCompile Include="InfoGen_Data\gbuffer_planet.cc">
      <Filter>Src</Filter>
    </ClCompile>
    <ClCompile Include="InfoGen_Data\gbuffer_atmosphere.cc">
      <Filter>Src</Filter>
    </ClCompile>
    <ClCompile Include="InfoGen_Data\gbuffer_water.cc">
      <Filter>Src</Filter>
    </ClCompile>
    <ClCompile Include="InfoGen_Data\composite2.cc">
      <Filter>Src</Filter>
    </ClCompile>
    <ClCompile Include="InfoGen_Data\sorting.cc">
      <Filter>Src</Filter>
    </ClCompile>
    <ClCompile Include="InfoGen_Data\geochronology\final.cc">
      <Filter>Src</Filter>
    </ClCompile>
    <ClCompile Include="InfoGen_Data\geochronology\composite.cc">
      <Filter>Src</Filter>
    </ClCompile>
  </ItemGroup>
  <ItemGroup>
    <ClInclude Include="InfoGen_Data\composite.h">
      <Filter>Header Files</Filter>
    </ClInclude>
    <ClInclude Include="InfoGen_Data\composite1.h">
      <Filter>Header Files</Filter>
    </ClInclude>
    <ClInclude Include="InfoGen_Data\final.h">
      <Filter>Header Files</Filter>
    </ClInclude>
    <ClInclude Include="InfoGen_Data\gbuffer_basic.h">
      <Filter>Header Files</Filter>
    </ClInclude>
    <ClInclude Include="InfoGen_Data\gbuffer_planet.h">
      <Filter>Header Files</Filter>
    </ClInclude>
    <ClInclude Include="InfoGen_Data\gbuffer_star.h">
      <Filter>Header Files</Filter>
    </ClInclude>
    <ClInclude Include="InfoGen_Data\composite2.h">
      <Filter>Header Files</Filter>
    </ClInclude>
    <ClInclude Include="InfoGen_Data\gbuffer_atmosphere.h">
      <Filter>Header Files</Filter>
    </ClInclude>
    <ClInclude Include="InfoGen_Data\gbuffer_water.h">
      <Filter>Header Files</Filter>
    </ClInclude>
    <ClInclude Include="InfoGen_Data\sorting.h">
      <Filter>Header Files</Filter>
    </ClInclude>
    <ClInclude Include="InfoGen_Data\geochronology\final.h" />
    <ClInclude Include="InfoGen_Data\geochronology\COMMON.INL" />
    <ClInclude Include="InfoGen_Data\geochronology\composite.h" />
  </ItemGroup>
</Project>